
Microsoft Visual Studio Solution File, Format Version 12.00
# Visual Studio Version 17
VisualStudioVersion = 17.3.32929.385
MinimumVisualStudioVersion = 10.0.40219.1
Project("{FAE04EC0-301F-11D3-BF4B-00C04F79EFBC}") = "PictureFinder", "PictureFinder.csproj", "{4E67DC18-B966-415D-918A-ED22151F71C5}"
EndProject
Global
	GlobalSection(SolutionConfigurationPlatforms) = preSolution
		Debug|Any CPU = Debug|Any CPU
		Release|Any CPU = Release|Any CPU
	EndGlobalSection
	GlobalSection(ProjectConfigurationPlatforms) = postSolution
		{4E67DC18-B966-415D-918A-ED22151F71C5}.Debug|Any CPU.ActiveCfg = Debug|Any CPU
		{4E67DC18-B966-415D-918A-ED22151F71C5}.Debug|Any CPU.Build.0 = Debug|Any CPU
		{4E67DC18-B966-415D-918A-ED22151F71C5}.Release|Any CPU.ActiveCfg = Release|Any CPU
		{4E67DC18-B966-415D-918A-ED22151F71C5}.Release|Any CPU.Build.0 = Release|Any CPU
	EndGlobalSection
	GlobalSection(SolutionProperties) = preSolution
		HideSolutionNode = FALSE
	EndGlobalSection
	GlobalSection(ExtensibilityGlobals) = postSolution
		SolutionGuid = {18CDBF73-71C2-4D3C-B93B-0B93EBFFA71F}
	EndGlobalSection
EndGlobal
